
Microsoft Visual Studio Solution File, Format Version 12.00
# Visual Studio 14
VisualStudioVersion = 14.0.25420.1
MinimumVisualStudioVersion = 10.0.40219.1
Project("{FAE04EC0-301F-11D3-BF4B-00C04F79EFBC}") = "OracleRaw15", "OracleRaw15\OracleRaw15.csproj", "{7D35C466-AACC-47F4-B931-EF794024290D}"
EndProject
Global
	GlobalSection(SolutionConfigurationPlatforms) = preSolution
		Debug|Any CPU = Debug|Any CPU
		Release|Any CPU = Release|Any CPU
	EndGlobalSection
	GlobalSection(ProjectConfigurationPlatforms) = postSolution
		{7D35C466-AACC-47F4-B931-EF794024290D}.Debug|Any CPU.ActiveCfg = Debug|Any CPU
		{7D35C466-AACC-47F4-B931-EF794024290D}.Debug|Any CPU.Build.0 = Debug|Any CPU
		{7D35C466-AACC-47F4-B931-EF794024290D}.Release|Any CPU.ActiveCfg = Release|Any CPU
		{7D35C466-AACC-47F4-B931-EF794024290D}.Release|Any CPU.Build.0 = Release|Any CPU
	EndGlobalSection
	GlobalSection(SolutionProperties) = preSolution
		HideSolutionNode = FALSE
	EndGlobalSection
EndGlobal
